Microsoft Visual Studio Solution File, Format Version 12.00
# Visual Studio Version 17
VisualStudioVersion = 17.5.2.0
MinimumVisualStudioVersion = 10.0.40219.1
Project("{FAE04EC0-301F-11D3-BF4B-00C04F79EFBC}") = "media_A4", "media_A4.csproj", "{13D10A61-8783-CAC4-EB5E-628B64C2994C}"
EndProject
Global
	GlobalSection(SolutionConfigurationPlatforms) = preSolution
		Debug|Any CPU = Debug|Any CPU
		Release|Any CPU = Release|Any CPU
	EndGlobalSection
	GlobalSection(ProjectConfigurationPlatforms) = postSolution
		{13D10A61-8783-CAC4-EB5E-628B64C2994C}.Debug|Any CPU.ActiveCfg = Debug|Any CPU
		{13D10A61-8783-CAC4-EB5E-628B64C2994C}.Debug|Any CPU.Build.0 = Debug|Any CPU
		{13D10A61-8783-CAC4-EB5E-628B64C2994C}.Release|Any CPU.ActiveCfg = Release|Any CPU
		{13D10A61-8783-CAC4-EB5E-628B64C2994C}.Release|Any CPU.Build.0 = Release|Any CPU
	EndGlobalSection
	GlobalSection(SolutionProperties) = preSolution
		HideSolutionNode = FALSE
	EndGlobalSection
	GlobalSection(ExtensibilityGlobals) = postSolution
		SolutionGuid = {8895E92D-6EFB-4F4E-941B-6099C73FC865}
	EndGlobalSection
EndGlobal
