Microsoft Visual Studio Solution File, Format Version 12.00
# Visual Studio Version 17
VisualStudioVersion = 17.5.2.0
MinimumVisualStudioVersion = 10.0.40219.1
Project("{FAE04EC0-301F-11D3-BF4B-00C04F79EFBC}") = "milhas_km", "milhas_km.csproj", "{2120417A-A563-E468-671F-2207D6AB3685}"
EndProject
Global
	GlobalSection(SolutionConfigurationPlatforms) = preSolution
		Debug|Any CPU = Debug|Any CPU
		Release|Any CPU = Release|Any CPU
	EndGlobalSection
	GlobalSection(ProjectConfigurationPlatforms) = postSolution
		{2120417A-A563-E468-671F-2207D6AB3685}.Debug|Any CPU.ActiveCfg = Debug|Any CPU
		{2120417A-A563-E468-671F-2207D6AB3685}.Debug|Any CPU.Build.0 = Debug|Any CPU
		{2120417A-A563-E468-671F-2207D6AB3685}.Release|Any CPU.ActiveCfg = Release|Any CPU
		{2120417A-A563-E468-671F-2207D6AB3685}.Release|Any CPU.Build.0 = Release|Any CPU
	EndGlobalSection
	GlobalSection(SolutionProperties) = preSolution
		HideSolutionNode = FALSE
	EndGlobalSection
	GlobalSection(ExtensibilityGlobals) = postSolution
		SolutionGuid = {750ED224-9738-40D9-A32A-E2B877612C93}
	EndGlobalSection
EndGlobal
